{
  "originHash" : "f3ae84e51710b8b303c278df4d30705024d51db8c0218ec2c5db8a05e7e50baa",
  "pins" : [
    {
      "identity" : "dzfoundation",
      "kind" : "remoteSourceControl",
      "location" : "https://github.com/domzilla/DZFoundation",
      "state" : {
        "revision" : "bfe543506525879ef872138f1c5541f9840a048a",
        "version" : "1.0.0"
      }
    },
    {
      "identity" : "sparkle",
      "kind" : "remoteSourceControl",
      "location" : "https://github.com/sparkle-project/Sparkle",
      "state" : {
        "revision" : "5581748cef2bae787496fe6d61139aebe0a451f6",
        "version" : "2.8.1"
      }
    }
  ],
  "version" : 3
}
